// !$*UTF8*$!
{
	archiveVersion = 1;
	classes = {
	};
	objectVersion = 56;
	objects = {

/* Begin PBXBuildFile section */
		92528C4828E6E1F00009F65F /* FruitSearcherApp.swift in Sources */ = {isa = PBXBuildFile; fileRef = 92528C4728E6E1F00009F65F /* FruitSearcherApp.swift */; };
		92528C4A28E6E1F00009F65F /* ContentView.swift in Sources */ = {isa = PBXBuildFile; fileRef = 92528C4928E6E1F00009F65F /* ContentView.swift */; };
		92528C4C28E6E1F20009F65F /* Assets.xcassets in Resources */ = {isa = PBXBuildFile; fileRef = 92528C4B28E6E1F20009F65F /* Assets.xcassets */; };
		92528C4F28E6E1F20009F65F /* Preview Assets.xcassets in Resources */ = {isa = PBXBuildFile; fileRef = 92528C4E28E6E1F20009F65F /* Preview Assets.xcassets */; };
		92528C5928E6E1F20009F65F /* FruitSearcherTests.swift in Sources */ = {isa = PBXBuildFile; fileRef = 92528C5828E6E1F20009F65F /* FruitSearcherTests.swift */; };
		92528C6328E6E1F20009F65F /* FruitSearcherUITests.swift in Sources */ = {isa = PBXBuildFile; fileRef = 92528C6228E6E1F20009F65F /* FruitSearcherUITests.swift */; };
		92528C6528E6E1F20009F65F /* FruitSearcherUITestsLaunchTests.swift in Sources */ = {isa = PBXBuildFile; fileRef = 92528C6428E6E1F20009F65F /* FruitSearcherUITestsLaunchTests.swift */; };
		92528C7228E6E20E0009F65F /* FruitAPI.swift in Sources */ = {isa = PBXBuildFile; fileRef = 92528C7128E6E20E0009F65F /* FruitAPI.swift */; };
		92528C7428E6E2A90009F65F /* FruitList.swift in Sources */ = {isa = PBXBuildFile; fileRef = 92528C7328E6E2A90009F65F /* FruitList.swift */; };
		92528C7628E6E2F00009F65F /* FruitInfos.swift in Sources */ = {isa = PBXBuildFile; fileRef = 92528C7528E6E2F00009F65F /* FruitInfos.swift */; };
		92528C7D28E7143E0009F65F /* ShoppingListView.swift in Sources */ = {isa = PBXBuildFile; fileRef = 92528C7C28E7143E0009F65F /* ShoppingListView.swift */; };
		92528C7F28E7144B0009F65F /* ShoppingListModel.swift in Sources */ = {isa = PBXBuildFile; fileRef = 92528C7E28E7144B0009F65F /* ShoppingListModel.swift */; };
		92528C8128E715620009F65F /* TabBar.swift in Sources */ = {isa = PBXBuildFile; fileRef = 92528C8028E715620009F65F /* TabBar.swift */; };
		92528C8428E738810009F65F /* FruitModel.swift in Sources */ = {isa = PBXBuildFile; fileRef = 92528C8328E738810009F65F /* FruitModel.swift */; };
		92528C8A28E75C370009F65F /* FruitML.swift in Sources */ = {isa = PBXBuildFile; fileRef = 92528C8928E75C370009F65F /* FruitML.swift */; };
		92528C8C28E75CC60009F65F /* ImageClassifier.swift in Sources */ = {isa = PBXBuildFile; fileRef = 92528C8B28E75CC60009F65F /* ImageClassifier.swift */; };
		92528C8E28E75CF80009F65F /* Classifier.swift in Sources */ = {isa = PBXBuildFile; fileRef = 92528C8D28E75CF80009F65F /* Classifier.swift */; };
		92528C9028E75D690009F65F /* ImagePicker.swift in Sources */ = {isa = PBXBuildFile; fileRef = 92528C8F28E75D690009F65F /* ImagePicker.swift */; };
		926872A828EEE8FC0089C811 /* FruitClassifier.mlmodel in Sources */ = {isa = PBXBuildFile; fileRef = 926872A728EEE8FC0089C811 /* FruitClassifier.mlmodel */; };
		927CFE7628EEB65B001F5D0C /* fruit.json in Resources */ = {isa = PBXBuildFile; fileRef = 927CFE7528EEB65B001F5D0C /* fruit.json */; };
		92F150B328E82087005B4804 /* LaunchScreen.storyboard in Resources */ = {isa = PBXBuildFile; fileRef = 92F150B228E82087005B4804 /* LaunchScreen.storyboard */; };
/* End PBXBuildFile section */

/* Begin PBXContainerItemProxy section */
		92528C5528E6E1F20009F65F /* PBXContainerItemProxy */ = {
			isa = PBXContainerItemProxy;
			containerPortal = 92528C3C28E6E1F00009F65F /* Project object */;
			proxyType = 1;
			remoteGlobalIDString = 92528C4328E6E1F00009F65F;
			remoteInfo = FruitSearcher;
		};
		92528C5F28E6E1F20009F65F /* PBXContainerItemProxy */ = {
			isa = PBXContainerItemProxy;
			containerPortal = 92528C3C28E6E1F00009F65F /* Project object */;
			proxyType = 1;
			remoteGlobalIDString = 92528C4328E6E1F00009F65F;
			remoteInfo = FruitSearcher;
		};
/* End PBXContainerItemProxy section */

/* Begin PBXCopyFilesBuildPhase section */
		926872C228EF1C050089C811 /* Embed Foundation Extensions */ = {
			isa = PBXCopyFilesBuildPhase;
			buildActionMask = 2147483647;
			dstPath = "";
			dstSubfolderSpec = 13;
			files = (
			);
			name = "Embed Foundation Extensions";
			runOnlyForDeploymentPostprocessing = 0;
		};
/* End PBXCopyFilesBuildPhase section */

/* Begin PBXFileReference section */
		92528C4428E6E1F00009F65F /* FruitSearcher.app */ = {isa = PBXFileReference; explicitFileType = wrapper.application; includeInIndex = 0; path = FruitSearcher.app; sourceTree = BUILT_PRODUCTS_DIR; };
		92528C4728E6E1F00009F65F /* FruitSearcherApp.swift */ = {isa = PBXFileReference; lastKnownFileType = sourcecode.swift; path = FruitSearcherApp.swift; sourceTree = "<group>"; };
		92528C4928E6E1F00009F65F /* ContentView.swift */ = {isa = PBXFileReference; lastKnownFileType = sourcecode.swift; path = ContentView.swift; sourceTree = "<group>"; };
		92528C4B28E6E1F20009F65F /* Assets.xcassets */ = {isa = PBXFileReference; lastKnownFileType = folder.assetcatalog; path = Assets.xcassets; sourceTree = "<group>"; };
		92528C4E28E6E1F20009F65F /* Preview Assets.xcassets */ = {isa = PBXFileReference; lastKnownFileType = folder.assetcatalog; path = "Preview Assets.xcassets"; sourceTree = "<group>"; };
		92528C5428E6E1F20009F65F /* FruitSearcherTests.xctest */ = {isa = PBXFileReference; explicitFileType = wrapper.cfbundle; includeInIndex = 0; path = FruitSearcherTests.xctest; sourceTree = BUILT_PRODUCTS_DIR; };
		92528C5828E6E1F20009F65F /* FruitSearcherTests.swift */ = {isa = PBXFileReference; lastKnownFileType = sourcecode.swift; path = FruitSearcherTests.swift; sourceTree = "<group>"; };
		92528C5E28E6E1F20009F65F /* FruitSearcherUITests.xctest */ = {isa = PBXFileReference; explicitFileType = wrapper.cfbundle; includeInIndex = 0; path = FruitSearcherUITests.xctest; sourceTree = BUILT_PRODUCTS_DIR; };
		92528C6228E6E1F20009F65F /* FruitSearcherUITests.swift */ = {isa = PBXFileReference; lastKnownFileType = sourcecode.swift; path = FruitSearcherUITests.swift; sourceTree = "<group>"; };
		92528C6428E6E1F20009F65F /* FruitSearcherUITestsLaunchTests.swift */ = {isa = PBXFileReference; lastKnownFileType = sourcecode.swift; path = FruitSearcherUITestsLaunchTests.swift; sourceTree = "<group>"; };
		92528C7128E6E20E0009F65F /* FruitAPI.swift */ = {isa = PBXFileReference; lastKnownFileType = sourcecode.swift; path = FruitAPI.swift; sourceTree = "<group>"; };
		92528C7328E6E2A90009F65F /* FruitList.swift */ = {isa = PBXFileReference; lastKnownFileType = sourcecode.swift; path = FruitList.swift; sourceTree = "<group>"; };
		92528C7528E6E2F00009F65F /* FruitInfos.swift */ = {isa = PBXFileReference; lastKnownFileType = sourcecode.swift; path = FruitInfos.swift; sourceTree = "<group>"; };
		92528C7C28E7143E0009F65F /* ShoppingListView.swift */ = {isa = PBXFileReference; lastKnownFileType = sourcecode.swift; path = ShoppingListView.swift; sourceTree = "<group>"; };
		92528C7E28E7144B0009F65F /* ShoppingListModel.swift */ = {isa = PBXFileReference; lastKnownFileType = sourcecode.swift; path = ShoppingListModel.swift; sourceTree = "<group>"; };
		92528C8028E715620009F65F /* TabBar.swift */ = {isa = PBXFileReference; lastKnownFileType = sourcecode.swift; path = TabBar.swift; sourceTree = "<group>"; };
		92528C8328E738810009F65F /* FruitModel.swift */ = {isa = PBXFileReference; lastKnownFileType = sourcecode.swift; path = FruitModel.swift; sourceTree = "<group>"; };
		92528C8928E75C370009F65F /* FruitML.swift */ = {isa = PBXFileReference; lastKnownFileType = sourcecode.swift; path = FruitML.swift; sourceTree = "<group>"; };
		92528C8B28E75CC60009F65F /* ImageClassifier.swift */ = {isa = PBXFileReference; lastKnownFileType = sourcecode.swift; path = ImageClassifier.swift; sourceTree = "<group>"; };
		92528C8D28E75CF80009F65F /* Classifier.swift */ = {isa = PBXFileReference; lastKnownFileType = sourcecode.swift; path = Classifier.swift; sourceTree = "<group>"; };
		92528C8F28E75D690009F65F /* ImagePicker.swift */ = {isa = PBXFileReference; lastKnownFileType = sourcecode.swift; path = ImagePicker.swift; sourceTree = "<group>"; };
		926872A728EEE8FC0089C811 /* FruitClassifier.mlmodel */ = {isa = PBXFileReference; lastKnownFileType = file.mlmodel; path = FruitClassifier.mlmodel; sourceTree = "<group>"; };
		926872AF28EF1C030089C811 /* WidgetKit.framework */ = {isa = PBXFileReference; lastKnownFileType = wrapper.framework; name = WidgetKit.framework; path = System/Library/Frameworks/WidgetKit.framework; sourceTree = SDKROOT; };
		926872B128EF1C030089C811 /* SwiftUI.framework */ = {isa = PBXFileReference; lastKnownFileType = wrapper.framework; name = SwiftUI.framework; path = System/Library/Frameworks/SwiftUI.framework; sourceTree = SDKROOT; };
		927CFE7528EEB65B001F5D0C /* fruit.json */ = {isa = PBXFileReference; fileEncoding = 4; lastKnownFileType = text.json; path = fruit.json; sourceTree = "<group>"; };
		92F150B128E81DE2005B4804 /* Info.plist */ = {isa = PBXFileReference; lastKnownFileType = text.plist; path = Info.plist; sourceTree = "<group>"; };
		92F150B228E82087005B4804 /* LaunchScreen.storyboard */ = {isa = PBXFileReference; lastKnownFileType = file.storyboard; path = LaunchScreen.storyboard; sourceTree = "<group>"; };
/* End PBXFileReference section */

/* Begin PBXFrameworksBuildPhase section */
		92528C4128E6E1F00009F65F /* Frameworks */ = {
			isa = PBXFrameworksBuildPhase;
			buildActionMask = 2147483647;
			files = (
			);
			runOnlyForDeploymentPostprocessing = 0;
		};
		92528C5128E6E1F20009F65F /* Frameworks */ = {
			isa = PBXFrameworksBuildPhase;
			buildActionMask = 2147483647;
			files = (
			);
			runOnlyForDeploymentPostprocessing = 0;
		};
		92528C5B28E6E1F20009F65F /* Frameworks */ = {
			isa = PBXFrameworksBuildPhase;
			buildActionMask = 2147483647;
			files = (
			);
			runOnlyForDeploymentPostprocessing = 0;
		};
/* End PBXFrameworksBuildPhase section */

/* Begin PBXGroup section */
		92528C3B28E6E1F00009F65F = {
			isa = PBXGroup;
			children = (
				92528C4628E6E1F00009F65F /* FruitSearcher */,
				92528C5728E6E1F20009F65F /* FruitSearcherTests */,
				92528C6128E6E1F20009F65F /* FruitSearcherUITests */,
				926872AE28EF1C030089C811 /* Frameworks */,
				92528C4528E6E1F00009F65F /* Products */,
			);
			sourceTree = "<group>";
		};
		92528C4528E6E1F00009F65F /* Products */ = {
			isa = PBXGroup;
			children = (
				92528C4428E6E1F00009F65F /* FruitSearcher.app */,
				92528C5428E6E1F20009F65F /* FruitSearcherTests.xctest */,
				92528C5E28E6E1F20009F65F /* FruitSearcherUITests.xctest */,
			);
			name = Products;
			sourceTree = "<group>";
		};
		92528C4628E6E1F00009F65F /* FruitSearcher */ = {
			isa = PBXGroup;
			children = (
				92F150B128E81DE2005B4804 /* Info.plist */,
				92528C8728E75B880009F65F /* CoreML */,
				92528C8228E7157E0009F65F /* Layout */,
				92528C7928E6F1E50009F65F /* Model */,
				92528C7828E6F1CD0009F65F /* View */,
				92528C7728E6F1B40009F65F /* API */,
				92528C4728E6E1F00009F65F /* FruitSearcherApp.swift */,
				92528C4B28E6E1F20009F65F /* Assets.xcassets */,
				92528C4D28E6E1F20009F65F /* Preview Content */,
			);
			path = FruitSearcher;
			sourceTree = "<group>";
		};
		92528C4D28E6E1F20009F65F /* Preview Content */ = {
			isa = PBXGroup;
			children = (
				92528C4E28E6E1F20009F65F /* Preview Assets.xcassets */,
			);
			path = "Preview Content";
			sourceTree = "<group>";
		};
		92528C5728E6E1F20009F65F /* FruitSearcherTests */ = {
			isa = PBXGroup;
			children = (
				92528C5828E6E1F20009F65F /* FruitSearcherTests.swift */,
				927CFE7528EEB65B001F5D0C /* fruit.json */,
			);
			path = FruitSearcherTests;
			sourceTree = "<group>";
		};
		92528C6128E6E1F20009F65F /* FruitSearcherUITests */ = {
			isa = PBXGroup;
			children = (
				92528C6228E6E1F20009F65F /* FruitSearcherUITests.swift */,
				92528C6428E6E1F20009F65F /* FruitSearcherUITestsLaunchTests.swift */,
			);
			path = FruitSearcherUITests;
			sourceTree = "<group>";
		};
		92528C7728E6F1B40009F65F /* API */ = {
			isa = PBXGroup;
			children = (
				92528C7128E6E20E0009F65F /* FruitAPI.swift */,
			);
			path = API;
			sourceTree = "<group>";
		};
		92528C7828E6F1CD0009F65F /* View */ = {
			isa = PBXGroup;
			children = (
				92528C8928E75C370009F65F /* FruitML.swift */,
				92528C7C28E7143E0009F65F /* ShoppingListView.swift */,
				92528C7328E6E2A90009F65F /* FruitList.swift */,
				92528C7528E6E2F00009F65F /* FruitInfos.swift */,
			);
			path = View;
			sourceTree = "<group>";
		};
		92528C7928E6F1E50009F65F /* Model */ = {
			isa = PBXGroup;
			children = (
				92528C7E28E7144B0009F65F /* ShoppingListModel.swift */,
				92528C8328E738810009F65F /* FruitModel.swift */,
			);
			path = Model;
			sourceTree = "<group>";
		};
		92528C8228E7157E0009F65F /* Layout */ = {
			isa = PBXGroup;
			children = (
				92528C8028E715620009F65F /* TabBar.swift */,
				92528C4928E6E1F00009F65F /* ContentView.swift */,
				92F150B228E82087005B4804 /* LaunchScreen.storyboard */,
			);
			path = Layout;
			sourceTree = "<group>";
		};
		92528C8728E75B880009F65F /* CoreML */ = {
			isa = PBXGroup;
			children = (
				92528C8B28E75CC60009F65F /* ImageClassifier.swift */,
				92528C8D28E75CF80009F65F /* Classifier.swift */,
				92528C8F28E75D690009F65F /* ImagePicker.swift */,
				926872A728EEE8FC0089C811 /* FruitClassifier.mlmodel */,
			);
			path = CoreML;
			sourceTree = "<group>";
		};
		926872AE28EF1C030089C811 /* Frameworks */ = {
			isa = PBXGroup;
			children = (
				926872AF28EF1C030089C811 /* WidgetKit.framework */,
				926872B128EF1C030089C811 /* SwiftUI.framework */,
			);
			name = Frameworks;
			sourceTree = "<group>";
		};
/* End PBXGroup section */

/* Begin PBXNativeTarget section */
		92528C4328E6E1F00009F65F /* FruitSearcher */ = {
			isa = PBXNativeTarget;
			buildConfigurationList = 92528C6828E6E1F20009F65F /* Build configuration list for PBXNativeTarget "FruitSearcher" */;
			buildPhases = (
				92528C4028E6E1F00009F65F /* Sources */,
				92528C4128E6E1F00009F65F /* Frameworks */,
				92528C4228E6E1F00009F65F /* Resources */,
				926872C228EF1C050089C811 /* Embed Foundation Extensions */,
			);
			buildRules = (
			);
			dependencies = (
			);
			name = FruitSearcher;
			productName = FruitSearcher;
			productReference = 92528C4428E6E1F00009F65F /* FruitSearcher.app */;
			productType = "com.apple.product-type.application";
		};
		92528C5328E6E1F20009F65F /* FruitSearcherTests */ = {
			isa = PBXNativeTarget;
			buildConfigurationList = 92528C6B28E6E1F20009F65F /* Build configuration list for PBXNativeTarget "FruitSearcherTests" */;
			buildPhases = (
				92528C5028E6E1F20009F65F /* Sources */,
				92528C5128E6E1F20009F65F /* Frameworks */,
				92528C5228E6E1F20009F65F /* Resources */,
			);
			buildRules = (
			);
			dependencies = (
				92528C5628E6E1F20009F65F /* PBXTargetDependency */,
			);
			name = FruitSearcherTests;
			productName = FruitSearcherTests;
			productReference = 92528C5428E6E1F20009F65F /* FruitSearcherTests.xctest */;
			productType = "com.apple.product-type.bundle.unit-test";
		};
		92528C5D28E6E1F20009F65F /* FruitSearcherUITests */ = {
			isa = PBXNativeTarget;
			buildConfigurationList = 92528C6E28E6E1F20009F65F /* Build configuration list for PBXNativeTarget "FruitSearcherUITests" */;
			buildPhases = (
				92528C5A28E6E1F20009F65F /* Sources */,
				92528C5B28E6E1F20009F65F /* Frameworks */,
				92528C5C28E6E1F20009F65F /* Resources */,
			);
			buildRules = (
			);
			dependencies = (
				92528C6028E6E1F20009F65F /* PBXTargetDependency */,
			);
			name = FruitSearcherUITests;
			productName = FruitSearcherUITests;
			productReference = 92528C5E28E6E1F20009F65F /* FruitSearcherUITests.xctest */;
			productType = "com.apple.product-type.bundle.ui-testing";
		};
/* End PBXNativeTarget section */

/* Begin PBXProject section */
		92528C3C28E6E1F00009F65F /* Project object */ = {
			isa = PBXProject;
			attributes = {
				BuildIndependentTargetsInParallel = 1;
				LastSwiftUpdateCheck = 1400;
				LastUpgradeCheck = 1400;
				TargetAttributes = {
					92528C4328E6E1F00009F65F = {
						CreatedOnToolsVersion = 14.0.1;
					};
					92528C5328E6E1F20009F65F = {
						CreatedOnToolsVersion = 14.0.1;
						TestTargetID = 92528C4328E6E1F00009F65F;
					};
					92528C5D28E6E1F20009F65F = {
						CreatedOnToolsVersion = 14.0.1;
						TestTargetID = 92528C4328E6E1F00009F65F;
					};
				};
			};
			buildConfigurationList = 92528C3F28E6E1F00009F65F /* Build configuration list for PBXProject "FruitSearcher" */;
			compatibilityVersion = "Xcode 14.0";
			developmentRegion = en;
			hasScannedForEncodings = 0;
			knownRegions = (
				en,
				Base,
			);
			mainGroup = 92528C3B28E6E1F00009F65F;
			productRefGroup = 92528C4528E6E1F00009F65F /* Products */;
			projectDirPath = "";
			projectRoot = "";
			targets = (
				92528C4328E6E1F00009F65F /* FruitSearcher */,
				92528C5328E6E1F20009F65F /* FruitSearcherTests */,
				92528C5D28E6E1F20009F65F /* FruitSearcherUITests */,
			);
		};
/* End PBXProject section */

/* Begin PBXResourcesBuildPhase section */
		92528C4228E6E1F00009F65F /* Resources */ = {
			isa = PBXResourcesBuildPhase;
			buildActionMask = 2147483647;
			files = (
				92F150B328E82087005B4804 /* LaunchScreen.storyboard in Resources */,
				92528C4F28E6E1F20009F65F /* Preview Assets.xcassets in Resources */,
				92528C4C28E6E1F20009F65F /* Assets.xcassets in Resources */,
			);
			runOnlyForDeploymentPostprocessing = 0;
		};
		92528C5228E6E1F20009F65F /* Resources */ = {
			isa = PBXResourcesBuildPhase;
			buildActionMask = 2147483647;
			files = (
				927CFE7628EEB65B001F5D0C /* fruit.json in Resources */,
			);
			runOnlyForDeploymentPostprocessing = 0;
		};
		92528C5C28E6E1F20009F65F /* Resources */ = {
			isa = PBXResourcesBuildPhase;
			buildActionMask = 2147483647;
			files = (
			);
			runOnlyForDeploymentPostprocessing = 0;
		};
/* End PBXResourcesBuildPhase section */

/* Begin PBXSourcesBuildPhase section */
		92528C4028E6E1F00009F65F /* Sources */ = {
			isa = PBXSourcesBuildPhase;
			buildActionMask = 2147483647;
			files = (
				92528C7D28E7143E0009F65F /* ShoppingListView.swift in Sources */,
				92528C7F28E7144B0009F65F /* ShoppingListModel.swift in Sources */,
				92528C8128E715620009F65F /* TabBar.swift in Sources */,
				926872A828EEE8FC0089C811 /* FruitClassifier.mlmodel in Sources */,
				92528C9028E75D690009F65F /* ImagePicker.swift in Sources */,
				92528C8E28E75CF80009F65F /* Classifier.swift in Sources */,
				92528C8A28E75C370009F65F /* FruitML.swift in Sources */,
				92528C8C28E75CC60009F65F /* ImageClassifier.swift in Sources */,
				92528C7428E6E2A90009F65F /* FruitList.swift in Sources */,
				92528C4A28E6E1F00009F65F /* ContentView.swift in Sources */,
				92528C7628E6E2F00009F65F /* FruitInfos.swift in Sources */,
				92528C4828E6E1F00009F65F /* FruitSearcherApp.swift in Sources */,
				92528C8428E738810009F65F /* FruitModel.swift in Sources */,
				92528C7228E6E20E0009F65F /* FruitAPI.swift in Sources */,
			);
			runOnlyForDeploymentPostprocessing = 0;
		};
		92528C5028E6E1F20009F65F /* Sources */ = {
			isa = PBXSourcesBuildPhase;
			buildActionMask = 2147483647;
			files = (
				92528C5928E6E1F20009F65F /* FruitSearcherTests.swift in Sources */,
			);
			runOnlyForDeploymentPostprocessing = 0;
		};
		92528C5A28E6E1F20009F65F /* Sources */ = {
			isa = PBXSourcesBuildPhase;
			buildActionMask = 2147483647;
			files = (
				92528C6528E6E1F20009F65F /* FruitSearcherUITestsLaunchTests.swift in Sources */,
				92528C6328E6E1F20009F65F /* FruitSearcherUITests.swift in Sources */,
			);
			runOnlyForDeploymentPostprocessing = 0;
		};
/* End PBXSourcesBuildPhase section */

/* Begin PBXTargetDependency section */
		92528C5628E6E1F20009F65F /* PBXTargetDependency */ = {
			isa = PBXTargetDependency;
			target = 92528C4328E6E1F00009F65F /* FruitSearcher */;
			targetProxy = 92528C5528E6E1F20009F65F /* PBXContainerItemProxy */;
		};
		92528C6028E6E1F20009F65F /* PBXTargetDependency */ = {
			isa = PBXTargetDependency;
			target = 92528C4328E6E1F00009F65F /* FruitSearcher */;
			targetProxy = 92528C5F28E6E1F20009F65F /* PBXContainerItemProxy */;
		};
/* End PBXTargetDependency section */

/* Begin XCBuildConfiguration section */
		92528C6628E6E1F20009F65F /* Debug */ = {
			isa = XCBuildConfiguration;
			buildSettings = {
				ALWAYS_SEARCH_USER_PATHS = NO;
				CLANG_ANALYZER_NONNULL = YES;
				CLANG_ANALYZER_NUMBER_OBJECT_CONVERSION = YES_AGGRESSIVE;
				CLANG_CXX_LANGUAGE_STANDARD = "gnu++20";
				CLANG_ENABLE_MODULES = YES;
				CLANG_ENABLE_OBJC_ARC = YES;
				CLANG_ENABLE_OBJC_WEAK = YES;
				CLANG_WARN_BLOCK_CAPTURE_AUTORELEASING = YES;
				CLANG_WARN_BOOL_CONVERSION = YES;
				CLANG_WARN_COMMA = YES;
				CLANG_WARN_CONSTANT_CONVERSION = YES;
				CLANG_WARN_DEPRECATED_OBJC_IMPLEMENTATIONS = YES;
				CLANG_WARN_DIRECT_OBJC_ISA_USAGE = YES_ERROR;
				CLANG_WARN_DOCUMENTATION_COMMENTS = YES;
				CLANG_WARN_EMPTY_BODY = YES;
				CLANG_WARN_ENUM_CONVERSION = YES;
				CLANG_WARN_INFINITE_RECURSION = YES;
				CLANG_WARN_INT_CONVERSION = YES;
				CLANG_WARN_NON_LITERAL_NULL_CONVERSION = YES;
				CLANG_WARN_OBJC_IMPLICIT_RETAIN_SELF = YES;
				CLANG_WARN_OBJC_LITERAL_CONVERSION = YES;
				CLANG_WARN_OBJC_ROOT_CLASS = YES_ERROR;
				CLANG_WARN_QUOTED_INCLUDE_IN_FRAMEWORK_HEADER = YES;
				CLANG_WARN_RANGE_LOOP_ANALYSIS = YES;
				CLANG_WARN_STRICT_PROTOTYPES = YES;
				CLANG_WARN_SUSPICIOUS_MOVE = YES;
				CLANG_WARN_UNGUARDED_AVAILABILITY = YES_AGGRESSIVE;
				CLANG_WARN_UNREACHABLE_CODE = YES;
				CLANG_WARN__DUPLICATE_METHOD_MATCH = YES;
				COPY_PHASE_STRIP = NO;
				DEBUG_INFORMATION_FORMAT = dwarf;
				ENABLE_STRICT_OBJC_MSGSEND = YES;
				ENABLE_TESTABILITY = YES;
				GCC_C_LANGUAGE_STANDARD = gnu11;
				GCC_DYNAMIC_NO_PIC = NO;
				GCC_NO_COMMON_BLOCKS = YES;
				GCC_OPTIMIZATION_LEVEL = 0;
				GCC_PREPROCESSOR_DEFINITIONS = (
					"DEBUG=1",
					"$(inherited)",
				);
				GCC_WARN_64_TO_32_BIT_CONVERSION = YES;
				GCC_WARN_ABOUT_RETURN_TYPE = YES_ERROR;
				GCC_WARN_UNDECLARED_SELECTOR = YES;
				GCC_WARN_UNINITIALIZED_AUTOS = YES_AGGRESSIVE;
				GCC_WARN_UNUSED_FUNCTION = YES;
				GCC_WARN_UNUSED_VARIABLE = YES;
				IPHONEOS_DEPLOYMENT_TARGET = 16.0;
				MTL_ENABLE_DEBUG_INFO = INCLUDE_SOURCE;
				MTL_FAST_MATH = YES;
				ONLY_ACTIVE_ARCH = YES;
				SDKROOT = iphoneos;
				SWIFT_ACTIVE_COMPILATION_CONDITIONS = DEBUG;
				SWIFT_OPTIMIZATION_LEVEL = "-Onone";
			};
			name = Debug;
		};
		92528C6728E6E1F20009F65F /* Release */ = {
			isa = XCBuildConfiguration;
			buildSettings = {
				ALWAYS_SEARCH_USER_PATHS = NO;
				CLANG_ANALYZER_NONNULL = YES;
				CLANG_ANALYZER_NUMBER_OBJECT_CONVERSION = YES_AGGRESSIVE;
				CLANG_CXX_LANGUAGE_STANDARD = "gnu++20";
				CLANG_ENABLE_MODULES = YES;
				CLANG_ENABLE_OBJC_ARC = YES;
				CLANG_ENABLE_OBJC_WEAK = YES;
				CLANG_WARN_BLOCK_CAPTURE_AUTORELEASING = YES;
				CLANG_WARN_BOOL_CONVERSION = YES;
				CLANG_WARN_COMMA = YES;
				CLANG_WARN_CONSTANT_CONVERSION = YES;
				CLANG_WARN_DEPRECATED_OBJC_IMPLEMENTATIONS = YES;
				CLANG_WARN_DIRECT_OBJC_ISA_USAGE = YES_ERROR;
				CLANG_WARN_DOCUMENTATION_COMMENTS = YES;
				CLANG_WARN_EMPTY_BODY = YES;
				CLANG_WARN_ENUM_CONVERSION = YES;
				CLANG_WARN_INFINITE_RECURSION = YES;
				CLANG_WARN_INT_CONVERSION = YES;
				CLANG_WARN_NON_LITERAL_NULL_CONVERSION = YES;
				CLANG_WARN_OBJC_IMPLICIT_RETAIN_SELF = YES;
				CLANG_WARN_OBJC_LITERAL_CONVERSION = YES;
				CLANG_WARN_OBJC_ROOT_CLASS = YES_ERROR;
				CLANG_WARN_QUOTED_INCLUDE_IN_FRAMEWORK_HEADER = YES;
				CLANG_WARN_RANGE_LOOP_ANALYSIS = YES;
				CLANG_WARN_STRICT_PROTOTYPES = YES;
				CLANG_WARN_SUSPICIOUS_MOVE = YES;
				CLANG_WARN_UNGUARDED_AVAILABILITY = YES_AGGRESSIVE;
				CLANG_WARN_UNREACHABLE_CODE = YES;
				CLANG_WARN__DUPLICATE_METHOD_MATCH = YES;
				COPY_PHASE_STRIP = NO;
				DEBUG_INFORMATION_FORMAT = "dwarf-with-dsym";
				ENABLE_NS_ASSERTIONS = NO;
				ENABLE_STRICT_OBJC_MSGSEND = YES;
				GCC_C_LANGUAGE_STANDARD = gnu11;
				GCC_NO_COMMON_BLOCKS = YES;
				GCC_WARN_64_TO_32_BIT_CONVERSION = YES;
				GCC_WARN_ABOUT_RETURN_TYPE = YES_ERROR;
				GCC_WARN_UNDECLARED_SELECTOR = YES;
				GCC_WARN_UNINITIALIZED_AUTOS = YES_AGGRESSIVE;
				GCC_WARN_UNUSED_FUNCTION = YES;
				GCC_WARN_UNUSED_VARIABLE = YES;
				IPHONEOS_DEPLOYMENT_TARGET = 16.0;
				MTL_ENABLE_DEBUG_INFO = NO;
				MTL_FAST_MATH = YES;
				SDKROOT = iphoneos;
				SWIFT_COMPILATION_MODE = wholemodule;
				SWIFT_OPTIMIZATION_LEVEL = "-O";
				VALIDATE_PRODUCT = YES;
			};
			name = Release;
		};
		92528C6928E6E1F20009F65F /* Debug */ = {
			isa = XCBuildConfiguration;
			buildSettings = {
				ALWAYS_EMBED_SWIFT_STANDARD_LIBRARIES = YES;
				ASSETCATALOG_COMPILER_APPICON_NAME = AppIcon;
				ASSETCATALOG_COMPILER_GLOBAL_ACCENT_COLOR_NAME = AccentColor;
				CODE_SIGN_IDENTITY = "Apple Development";
				CODE_SIGN_STYLE = Automatic;
				CURRENT_PROJECT_VERSION = 1;
				DEVELOPMENT_ASSET_PATHS = "\"FruitSearcher/Preview Content\"";
				DEVELOPMENT_TEAM = 2VP2J2SZVR;
				ENABLE_PREVIEWS = YES;
				GENERATE_INFOPLIST_FILE = YES;
				INFOPLIST_FILE = FruitSearcher/Info.plist;
				INFOPLIST_KEY_CFBundleDisplayName = FruitSearcher;
				INFOPLIST_KEY_LSApplicationCategoryType = "public.app-category.lifestyle";
				INFOPLIST_KEY_NSCameraUsageDescription = "The app is using the camera, would you like to allow it?";
				INFOPLIST_KEY_UIApplicationSceneManifest_Generation = YES;
				INFOPLIST_KEY_UIApplicationSupportsIndirectInputEvents = YES;
				INFOPLIST_KEY_UILaunchStoryboardName = LaunchScreen.storyboard;
				INFOPLIST_KEY_UISupportedInterfaceOrientations = UIInterfaceOrientationPortrait;
				INFOPLIST_KEY_UISupportedInterfaceOrientations_iPad = "UIInterfaceOrientationLandscapeLeft UIInterfaceOrientationLandscapeRight UIInterfaceOrientationPortrait UIInterfaceOrientationPortraitUpsideDown";
				LD_RUNPATH_SEARCH_PATHS = (
					"$(inherited)",
					"@executable_path/Frameworks",
				);
				MARKETING_VERSION = 1.0;
				PRODUCT_BUNDLE_IDENTIFIER = carolanelfbv.FruitSearcher;
				PRODUCT_NAME = "$(TARGET_NAME)";
				PROVISIONING_PROFILE_SPECIFIER = "";
				SUPPORTED_PLATFORMS = "iphoneos iphonesimulator";
				SUPPORTS_MACCATALYST = NO;
				SUPPORTS_MAC_DESIGNED_FOR_IPHONE_IPAD = NO;
				SWIFT_EMIT_LOC_STRINGS = YES;
				SWIFT_VERSION = 5.0;
				TARGETED_DEVICE_FAMILY = 1;
			};
			name = Debug;
		};
		92528C6A28E6E1F20009F65F /* Release */ = {
			isa = XCBuildConfiguration;
			buildSettings = {
				ALWAYS_EMBED_SWIFT_STANDARD_LIBRARIES = YES;
				ASSETCATALOG_COMPILER_APPICON_NAME = AppIcon;
				ASSETCATALOG_COMPILER_GLOBAL_ACCENT_COLOR_NAME = AccentColor;
				CODE_SIGN_IDENTITY = "Apple Development";
				CODE_SIGN_STYLE = Automatic;
				CURRENT_PROJECT_VERSION = 1;
				DEVELOPMENT_ASSET_PATHS = "\"FruitSearcher/Preview Content\"";
				DEVELOPMENT_TEAM = 2VP2J2SZVR;
				ENABLE_PREVIEWS = YES;
				GENERATE_INFOPLIST_FILE = YES;
				INFOPLIST_FILE = FruitSearcher/Info.plist;
				INFOPLIST_KEY_CFBundleDisplayName = FruitSearcher;
				INFOPLIST_KEY_LSApplicationCategoryType = "public.app-category.lifestyle";
				INFOPLIST_KEY_NSCameraUsageDescription = "The app is using the camera, would you like to allow it?";
				INFOPLIST_KEY_UIApplicationSceneManifest_Generation = YES;
				INFOPLIST_KEY_UIApplicationSupportsIndirectInputEvents = YES;
				INFOPLIST_KEY_UILaunchStoryboardName = LaunchScreen.storyboard;
				INFOPLIST_KEY_UISupportedInterfaceOrientations = UIInterfaceOrientationPortrait;
				INFOPLIST_KEY_UISupportedInterfaceOrientations_iPad = "UIInterfaceOrientationLandscapeLeft UIInterfaceOrientationLandscapeRight UIInterfaceOrientationPortrait UIInterfaceOrientationPortraitUpsideDown";
				LD_RUNPATH_SEARCH_PATHS = (
					"$(inherited)",
					"@executable_path/Frameworks",
				);
				MARKETING_VERSION = 1.0;
				PRODUCT_BUNDLE_IDENTIFIER = carolanelfbv.FruitSearcher;
				PRODUCT_NAME = "$(TARGET_NAME)";
				PROVISIONING_PROFILE_SPECIFIER = "";
				SUPPORTED_PLATFORMS = "iphoneos iphonesimulator";
				SUPPORTS_MACCATALYST = NO;
				SUPPORTS_MAC_DESIGNED_FOR_IPHONE_IPAD = NO;
				SWIFT_EMIT_LOC_STRINGS = YES;
				SWIFT_VERSION = 5.0;
				TARGETED_DEVICE_FAMILY = 1;
			};
			name = Release;
		};
		92528C6C28E6E1F20009F65F /* Debug */ = {
			isa = XCBuildConfiguration;
			buildSettings = {
				ALWAYS_EMBED_SWIFT_STANDARD_LIBRARIES = YES;
				BUNDLE_LOADER = "$(TEST_HOST)";
				CODE_SIGN_STYLE = Automatic;
				CURRENT_PROJECT_VERSION = 1;
				DEVELOPMENT_TEAM = 2VP2J2SZVR;
				GENERATE_INFOPLIST_FILE = YES;
				IPHONEOS_DEPLOYMENT_TARGET = 16.0;
				MARKETING_VERSION = 1.0;
				PRODUCT_BUNDLE_IDENTIFIER = com.carolanelfbv.FruitSearcherTests;
				PRODUCT_NAME = "$(TARGET_NAME)";
				SWIFT_EMIT_LOC_STRINGS = NO;
				SWIFT_VERSION = 5.0;
				TARGETED_DEVICE_FAMILY = "1,2";
				TEST_HOST = "$(BUILT_PRODUCTS_DIR)/FruitSearcher.app/$(BUNDLE_EXECUTABLE_FOLDER_PATH)/FruitSearcher";
			};
			name = Debug;
		};
		92528C6D28E6E1F20009F65F /* Release */ = {
			isa = XCBuildConfiguration;
			buildSettings = {
				ALWAYS_EMBED_SWIFT_STANDARD_LIBRARIES = YES;
				BUNDLE_LOADER = "$(TEST_HOST)";
				CODE_SIGN_STYLE = Automatic;
				CURRENT_PROJECT_VERSION = 1;
				DEVELOPMENT_TEAM = 2VP2J2SZVR;
				GENERATE_INFOPLIST_FILE = YES;
				IPHONEOS_DEPLOYMENT_TARGET = 16.0;
				MARKETING_VERSION = 1.0;
				PRODUCT_BUNDLE_IDENTIFIER = com.carolanelfbv.FruitSearcherTests;
				PRODUCT_NAME = "$(TARGET_NAME)";
				SWIFT_EMIT_LOC_STRINGS = NO;
				SWIFT_VERSION = 5.0;
				TARGETED_DEVICE_FAMILY = "1,2";
				TEST_HOST = "$(BUILT_PRODUCTS_DIR)/FruitSearcher.app/$(BUNDLE_EXECUTABLE_FOLDER_PATH)/FruitSearcher";
			};
			name = Release;
		};
		92528C6F28E6E1F20009F65F /* Debug */ = {
			isa = XCBuildConfiguration;
			buildSettings = {
				ALWAYS_EMBED_SWIFT_STANDARD_LIBRARIES = YES;
				CODE_SIGN_STYLE = Automatic;
				CURRENT_PROJECT_VERSION = 1;
				DEVELOPMENT_TEAM = 2VP2J2SZVR;
				GENERATE_INFOPLIST_FILE = YES;
				MARKETING_VERSION = 1.0;
				PRODUCT_BUNDLE_IDENTIFIER = com.carolanelfbv.FruitSearcherUITests;
				PRODUCT_NAME = "$(TARGET_NAME)";
				SWIFT_EMIT_LOC_STRINGS = NO;
				SWIFT_VERSION = 5.0;
				TARGETED_DEVICE_FAMILY = "1,2";
				TEST_TARGET_NAME = FruitSearcher;
			};
			name = Debug;
		};
		92528C7028E6E1F20009F65F /* Release */ = {
			isa = XCBuildConfiguration;
			buildSettings = {
				ALWAYS_EMBED_SWIFT_STANDARD_LIBRARIES = YES;
				CODE_SIGN_STYLE = Automatic;
				CURRENT_PROJECT_VERSION = 1;
				DEVELOPMENT_TEAM = 2VP2J2SZVR;
				GENERATE_INFOPLIST_FILE = YES;
				MARKETING_VERSION = 1.0;
				PRODUCT_BUNDLE_IDENTIFIER = com.carolanelfbv.FruitSearcherUITests;
				PRODUCT_NAME = "$(TARGET_NAME)";
				SWIFT_EMIT_LOC_STRINGS = NO;
				SWIFT_VERSION = 5.0;
				TARGETED_DEVICE_FAMILY = "1,2";
				TEST_TARGET_NAME = FruitSearcher;
			};
			name = Release;
		};
/* End XCBuildConfiguration section */

/* Begin XCConfigurationList section */
		92528C3F28E6E1F00009F65F /* Build configuration list for PBXProject "FruitSearcher" */ = {
			isa = XCConfigurationList;
			buildConfigurations = (
				92528C6628E6E1F20009F65F /* Debug */,
				92528C6728E6E1F20009F65F /* Release */,
			);
			defaultConfigurationIsVisible = 0;
			defaultConfigurationName = Release;
		};
		92528C6828E6E1F20009F65F /* Build configuration list for PBXNativeTarget "FruitSearcher" */ = {
			isa = XCConfigurationList;
			buildConfigurations = (
				92528C6928E6E1F20009F65F /* Debug */,
				92528C6A28E6E1F20009F65F /* Release */,
			);
			defaultConfigurationIsVisible = 0;
			defaultConfigurationName = Release;
		};
		92528C6B28E6E1F20009F65F /* Build configuration list for PBXNativeTarget "FruitSearcherTests" */ = {
			isa = XCConfigurationList;
			buildConfigurations = (
				92528C6C28E6E1F20009F65F /* Debug */,
				92528C6D28E6E1F20009F65F /* Release */,
			);
			defaultConfigurationIsVisible = 0;
			defaultConfigurationName = Release;
		};
		92528C6E28E6E1F20009F65F /* Build configuration list for PBXNativeTarget "FruitSearcherUITests" */ = {
			isa = XCConfigurationList;
			buildConfigurations = (
				92528C6F28E6E1F20009F65F /* Debug */,
				92528C7028E6E1F20009F65F /* Release */,
			);
			defaultConfigurationIsVisible = 0;
			defaultConfigurationName = Release;
		};
/* End XCConfigurationList section */
	};
	rootObject = 92528C3C28E6E1F00009F65F /* Project object */;
}
